{
  "nodes": {
    "bootspec-secureboot": {
      "inputs": {
        "nixpkgs": [
          "nixpkgs"
        ]
      },
      "locked": {
        "lastModified": 1686942370,
        "narHash": "sha256-Z0c+mwez7siZpWg4Lq7dROwyI3tZphToD1RkPhe6KOo=",
        "owner": "DeterminateSystems",
        "repo": "bootspec-secureboot",
        "rev": "513215a59fee38006f9fb3fa65deff595e5bbbdc",
        "type": "github"
      },
      "original": {
        "owner": "DeterminateSystems",
        "repo": "bootspec-secureboot",
        "type": "github"
      }
    },
    "home-manager": {
      "inputs": {
        "nixpkgs": [
          "nixpkgs"
        ]
      },
      "locked": {
        "lastModified": 1689495092,
        "narHash": "sha256-yZu2j5FpLZEPhJQQutMCPTxa1VMigLPabLYvLTq6ASM=",
        "owner": "nix-community",
        "repo": "home-manager",
        "rev": "2f84579a70b8c74e5ebb37299a0c3ba279f09382",
        "type": "github"
      },
      "original": {
        "owner": "nix-community",
        "repo": "home-manager",
        "type": "github"
      }
    },
    "nixpkgs": {
      "locked": {
        "lastModified": 1689534811,
        "narHash": "sha256-jnSUdzD/414d94plCyNlvTJJtiTogTep6t7ZgIKIHiE=",
        "owner": "nixos",
        "repo": "nixpkgs",
        "rev": "6cee3b5893090b0f5f0a06b4cf42ca4e60e5d222",
        "type": "github"
      },
      "original": {
        "owner": "nixos",
        "ref": "nixos-unstable",
        "repo": "nixpkgs",
        "type": "github"
      }
    },
    "root": {
      "inputs": {
        "bootspec-secureboot": "bootspec-secureboot",
        "home-manager": "home-manager",
        "nixpkgs": "nixpkgs"
      }
    }
  },
  "root": "root",
  "version": 7
}
